
Microsoft Visual Studio Solution File, Format Version 12.00
# Visual Studio Version 16
VisualStudioVersion = 16.0.30128.74
MinimumVisualStudioVersion = 10.0.40219.1
Project("{FAE04EC0-301F-11D3-BF4B-00C04F79EFBC}") = "prueba3", "prueba3\prueba3.csproj", "{1820FDBB-67AC-49D7-B548-6DD369586255}"
EndProject
Global
	GlobalSection(SolutionConfigurationPlatforms) = preSolution
		Debug|Any CPU = Debug|Any CPU
		Release|Any CPU = Release|Any CPU
	EndGlobalSection
	GlobalSection(ProjectConfigurationPlatforms) = postSolution
		{1820FDBB-67AC-49D7-B548-6DD369586255}.Debug|Any CPU.ActiveCfg = Debug|Any CPU
		{1820FDBB-67AC-49D7-B548-6DD369586255}.Debug|Any CPU.Build.0 = Debug|Any CPU
		{1820FDBB-67AC-49D7-B548-6DD369586255}.Release|Any CPU.ActiveCfg = Release|Any CPU
		{1820FDBB-67AC-49D7-B548-6DD369586255}.Release|Any CPU.Build.0 = Release|Any CPU
	EndGlobalSection
	GlobalSection(SolutionProperties) = preSolution
		HideSolutionNode = FALSE
	EndGlobalSection
	GlobalSection(ExtensibilityGlobals) = postSolution
		SolutionGuid = {16612EA4-2B29-4541-93C8-85BDDE9F252E}
	EndGlobalSection
EndGlobal
